
Microsoft Visual Studio Solution File, Format Version 12.00
# Visual Studio Version 17
VisualStudioVersion = 17.9.34723.18
MinimumVisualStudioVersion = 10.0.40219.1
Project("{FAE04EC0-301F-11D3-BF4B-00C04F79EFBC}") = "Client", "Client\Client.csproj", "{07102A27-D1F4-461E-BDCD-2A9AAC3052B9}"
EndProject
Global
	GlobalSection(SolutionConfigurationPlatforms) = preSolution
		Debug|Any CPU = Debug|Any CPU
		Release|Any CPU = Release|Any CPU
	EndGlobalSection
	GlobalSection(ProjectConfigurationPlatforms) = postSolution
		{07102A27-D1F4-461E-BDCD-2A9AAC3052B9}.Debug|Any CPU.ActiveCfg = Debug|Any CPU
		{07102A27-D1F4-461E-BDCD-2A9AAC3052B9}.Debug|Any CPU.Build.0 = Debug|Any CPU
		{07102A27-D1F4-461E-BDCD-2A9AAC3052B9}.Release|Any CPU.ActiveCfg = Release|Any CPU
		{07102A27-D1F4-461E-BDCD-2A9AAC3052B9}.Release|Any CPU.Build.0 = Release|Any CPU
	EndGlobalSection
	GlobalSection(SolutionProperties) = preSolution
		HideSolutionNode = FALSE
	EndGlobalSection
	GlobalSection(ExtensibilityGlobals) = postSolution
		SolutionGuid = {BDEEED87-07FD-47DD-A6F5-20876E1A6633}
	EndGlobalSection
EndGlobal
